
Microsoft Visual Studio Solution File, Format Version 12.00
# Visual Studio Version 17
VisualStudioVersion = 17.1.32319.34
MinimumVisualStudioVersion = 10.0.40219.1
Project("{9A19103F-16F7-4668-BE54-9A1E7A4F7556}") = "CalculatorApp", "CalculatorApp\CalculatorApp.csproj", "{55CE3AF1-926F-4D91-9901-025FEB7BF48C}"
EndProject
Project("{9A19103F-16F7-4668-BE54-9A1E7A4F7556}") = "CalculatorApp.Integration.Tests", "CalculatorApp.Integration.Tests\CalculatorApp.Integration.Tests.csproj", "{DC36DCC9-1A06-4B4A-B72C-C2104EFF8BEA}"
EndProject
Project("{9A19103F-16F7-4668-BE54-9A1E7A4F7556}") = "CalculatorApp.Unit.Tests", "CalculatorApp.Unit.Tests\CalculatorApp.Unit.Tests.csproj", "{D8F3E492-082A-40A3-9B3D-12EE77CF95EE}"
EndProject
Global
	GlobalSection(SolutionConfigurationPlatforms) = preSolution
		Debug|Any CPU = Debug|Any CPU
		Release|Any CPU = Release|Any CPU
	EndGlobalSection
	GlobalSection(ProjectConfigurationPlatforms) = postSolution
		{55CE3AF1-926F-4D91-9901-025FEB7BF48C}.Debug|Any CPU.ActiveCfg = Debug|Any CPU
		{55CE3AF1-926F-4D91-9901-025FEB7BF48C}.Debug|Any CPU.Build.0 = Debug|Any CPU
		{55CE3AF1-926F-4D91-9901-025FEB7BF48C}.Release|Any CPU.ActiveCfg = Release|Any CPU
		{55CE3AF1-926F-4D91-9901-025FEB7BF48C}.Release|Any CPU.Build.0 = Release|Any CPU
		{DC36DCC9-1A06-4B4A-B72C-C2104EFF8BEA}.Debug|Any CPU.ActiveCfg = Debug|Any CPU
		{DC36DCC9-1A06-4B4A-B72C-C2104EFF8BEA}.Debug|Any CPU.Build.0 = Debug|Any CPU
		{DC36DCC9-1A06-4B4A-B72C-C2104EFF8BEA}.Release|Any CPU.ActiveCfg = Release|Any CPU
		{DC36DCC9-1A06-4B4A-B72C-C2104EFF8BEA}.Release|Any CPU.Build.0 = Release|Any CPU
		{D8F3E492-082A-40A3-9B3D-12EE77CF95EE}.Debug|Any CPU.ActiveCfg = Debug|Any CPU
		{D8F3E492-082A-40A3-9B3D-12EE77CF95EE}.Debug|Any CPU.Build.0 = Debug|Any CPU
		{D8F3E492-082A-40A3-9B3D-12EE77CF95EE}.Release|Any CPU.ActiveCfg = Release|Any CPU
		{D8F3E492-082A-40A3-9B3D-12EE77CF95EE}.Release|Any CPU.Build.0 = Release|Any CPU
	EndGlobalSection
	GlobalSection(SolutionProperties) = preSolution
		HideSolutionNode = FALSE
	EndGlobalSection
	GlobalSection(ExtensibilityGlobals) = postSolution
		SolutionGuid = {8F9F9662-6D01-4E6A-8264-AEE1AB7D5D99}
	EndGlobalSection
EndGlobal
